
Microsoft Visual Studio Solution File, Format Version 12.00
# Visual Studio Version 17
VisualStudioVersion = 17.10.35122.118
MinimumVisualStudioVersion = 10.0.40219.1
Project("{9A19103F-16F7-4668-BE54-9A1E7A4F7556}") = "Tax", "Tax\Tax.csproj", "{94D88C51-9A43-41E8-B214-FE3596CAB0D3}"
EndProject
Global
	GlobalSection(SolutionConfigurationPlatforms) = preSolution
		Debug|Any CPU = Debug|Any CPU
		Release|Any CPU = Release|Any CPU
	EndGlobalSection
	GlobalSection(ProjectConfigurationPlatforms) = postSolution
		{94D88C51-9A43-41E8-B214-FE3596CAB0D3}.Debug|Any CPU.ActiveCfg = Debug|Any CPU
		{94D88C51-9A43-41E8-B214-FE3596CAB0D3}.Debug|Any CPU.Build.0 = Debug|Any CPU
		{94D88C51-9A43-41E8-B214-FE3596CAB0D3}.Release|Any CPU.ActiveCfg = Release|Any CPU
		{94D88C51-9A43-41E8-B214-FE3596CAB0D3}.Release|Any CPU.Build.0 = Release|Any CPU
	EndGlobalSection
	GlobalSection(SolutionProperties) = preSolution
		HideSolutionNode = FALSE
	EndGlobalSection
	GlobalSection(ExtensibilityGlobals) = postSolution
		SolutionGuid = {75A5D236-1447-44E2-9321-2A12F9B0D121}
	EndGlobalSection
EndGlobal
